// !$*UTF8*$!
{
	archiveVersion = 1;
	classes = {
	};
	objectVersion = 50;
	objects = {

/* Begin PBXBuildFile section */
		0708049420F0516900973005 /* AppDelegate.swift in Sources */ = {isa = PBXBuildFile; fileRef = 0708049320F0516900973005 /* AppDelegate.swift */; };
		0708049620F0516A00973005 /* HabitsViewController.swift in Sources */ = {isa = PBXBuildFile; fileRef = 0708049520F0516A00973005 /* HabitsViewController.swift */; };
		0708049820F0516A00973005 /* CalendarViewController.swift in Sources */ = {isa = PBXBuildFile; fileRef = 0708049720F0516A00973005 /* CalendarViewController.swift */; };
		0708049B20F0516A00973005 /* Main.storyboard in Resources */ = {isa = PBXBuildFile; fileRef = 0708049920F0516A00973005 /* Main.storyboard */; };
		0708049D20F0516B00973005 /* Assets.xcassets in Resources */ = {isa = PBXBuildFile; fileRef = 0708049C20F0516B00973005 /* Assets.xcassets */; };
		070804A020F0516B00973005 /* LaunchScreen.storyboard in Resources */ = {isa = PBXBuildFile; fileRef = 0708049E20F0516B00973005 /* LaunchScreen.storyboard */; };
		070804A820F053C400973005 /* Habit.swift in Sources */ = {isa = PBXBuildFile; fileRef = 070804A720F053C400973005 /* Habit.swift */; };
		070804AA20F0644200973005 /* Record.swift in Sources */ = {isa = PBXBuildFile; fileRef = 070804A920F0644200973005 /* Record.swift */; };
		070804AC20F06CD100973005 /* CustomCell.swift in Sources */ = {isa = PBXBuildFile; fileRef = 070804AB20F06CD100973005 /* CustomCell.swift */; };
		070804AE20F1908200973005 /* NewHabitViewController.swift in Sources */ = {isa = PBXBuildFile; fileRef = 070804AD20F1908200973005 /* NewHabitViewController.swift */; };
		07AF3B2E20F9629A001F86B1 /* HabitsTableViewCell.swift in Sources */ = {isa = PBXBuildFile; fileRef = 07AF3B2D20F9629A001F86B1 /* HabitsTableViewCell.swift */; };
		07B6C73D211DEBB600D37A95 /* MonthHeaderView.xib in Resources */ = {isa = PBXBuildFile; fileRef = 07B6C73C211DEBB600D37A95 /* MonthHeaderView.xib */; };
		07B6C73F211DEC3B00D37A95 /* MonthHeaderView.swift in Sources */ = {isa = PBXBuildFile; fileRef = 07B6C73E211DEC3B00D37A95 /* MonthHeaderView.swift */; };
		07B6C741211E3F9B00D37A95 /* DrawerViewController.swift in Sources */ = {isa = PBXBuildFile; fileRef = 07B6C740211E3F9B00D37A95 /* DrawerViewController.swift */; };
		07C08FB821266B06001822F1 /* Database.swift in Sources */ = {isa = PBXBuildFile; fileRef = 07C08FB721266B06001822F1 /* Database.swift */; };
		07C08FBA2128D20D001822F1 /* ColorButton.swift in Sources */ = {isa = PBXBuildFile; fileRef = 07C08FB92128D20D001822F1 /* ColorButton.swift */; };
		2F75578A7C3541666E80F096 /* Pods_HabitApp.framework in Frameworks */ = {isa = PBXBuildFile; fileRef = 027F7F076877B4FE9BD17E45 /* Pods_HabitApp.framework */; };
/* End PBXBuildFile section */

/* Begin PBXFileReference section */
		027F7F076877B4FE9BD17E45 /* Pods_HabitApp.framework */ = {isa = PBXFileReference; explicitFileType = wrapper.framework; includeInIndex = 0; path = Pods_HabitApp.framework; sourceTree = BUILT_PRODUCTS_DIR; };
		0708049020F0516900973005 /* HabitApp.app */ = {isa = PBXFileReference; explicitFileType = wrapper.application; includeInIndex = 0; path = HabitApp.app; sourceTree = BUILT_PRODUCTS_DIR; };
		0708049320F0516900973005 /* AppDelegate.swift */ = {isa = PBXFileReference; lastKnownFileType = sourcecode.swift; path = AppDelegate.swift; sourceTree = "<group>"; };
		0708049520F0516A00973005 /* HabitsViewController.swift */ = {isa = PBXFileReference; lastKnownFileType = sourcecode.swift; path = HabitsViewController.swift; sourceTree = "<group>"; };
		0708049720F0516A00973005 /* CalendarViewController.swift */ = {isa = PBXFileReference; lastKnownFileType = sourcecode.swift; path = CalendarViewController.swift; sourceTree = "<group>"; };
		0708049A20F0516A00973005 /* Base */ = {isa = PBXFileReference; lastKnownFileType = file.storyboard; name = Base; path = Base.lproj/Main.storyboard; sourceTree = "<group>"; };
		0708049C20F0516B00973005 /* Assets.xcassets */ = {isa = PBXFileReference; lastKnownFileType = folder.assetcatalog; path = Assets.xcassets; sourceTree = "<group>"; };
		0708049F20F0516B00973005 /* Base */ = {isa = PBXFileReference; lastKnownFileType = file.storyboard; name = Base; path = Base.lproj/LaunchScreen.storyboard; sourceTree = "<group>"; };
		070804A120F0516B00973005 /* Info.plist */ = {isa = PBXFileReference; lastKnownFileType = text.plist.xml; path = Info.plist; sourceTree = "<group>"; };
		070804A720F053C400973005 /* Habit.swift */ = {isa = PBXFileReference; lastKnownFileType = sourcecode.swift; path = Habit.swift; sourceTree = "<group>"; };
		070804A920F0644200973005 /* Record.swift */ = {isa = PBXFileReference; lastKnownFileType = sourcecode.swift; path = Record.swift; sourceTree = "<group>"; };
		070804AB20F06CD100973005 /* CustomCell.swift */ = {isa = PBXFileReference; lastKnownFileType = sourcecode.swift; path = CustomCell.swift; sourceTree = "<group>"; };
		070804AD20F1908200973005 /* NewHabitViewController.swift */ = {isa = PBXFileReference; lastKnownFileType = sourcecode.swift; path = NewHabitViewController.swift; sourceTree = "<group>"; };
		07AF3B2D20F9629A001F86B1 /* HabitsTableViewCell.swift */ = {isa = PBXFileReference; lastKnownFileType = sourcecode.swift; path = HabitsTableViewCell.swift; sourceTree = "<group>"; };
		07B6C73C211DEBB600D37A95 /* MonthHeaderView.xib */ = {isa = PBXFileReference; lastKnownFileType = file.xib; path = MonthHeaderView.xib; sourceTree = "<group>"; };
		07B6C73E211DEC3B00D37A95 /* MonthHeaderView.swift */ = {isa = PBXFileReference; lastKnownFileType = sourcecode.swift; path = MonthHeaderView.swift; sourceTree = "<group>"; };
		07B6C740211E3F9B00D37A95 /* DrawerViewController.swift */ = {isa = PBXFileReference; lastKnownFileType = sourcecode.swift; path = DrawerViewController.swift; sourceTree = "<group>"; };
		07C08FB721266B06001822F1 /* Database.swift */ = {isa = PBXFileReference; lastKnownFileType = sourcecode.swift; path = Database.swift; sourceTree = "<group>"; };
		07C08FB92128D20D001822F1 /* ColorButton.swift */ = {isa = PBXFileReference; lastKnownFileType = sourcecode.swift; path = ColorButton.swift; sourceTree = "<group>"; };
		6321783073A4A01D74CD2191 /* Pods-HabitApp.debug.xcconfig */ = {isa = PBXFileReference; includeInIndex = 1; lastKnownFileType = text.xcconfig; name = "Pods-HabitApp.debug.xcconfig"; path = "Pods/Target Support Files/Pods-HabitApp/Pods-HabitApp.debug.xcconfig"; sourceTree = "<group>"; };
		A45779AF930EDC74EF87DE84 /* Pods-HabitApp.release.xcconfig */ = {isa = PBXFileReference; includeInIndex = 1; lastKnownFileType = text.xcconfig; name = "Pods-HabitApp.release.xcconfig"; path = "Pods/Target Support Files/Pods-HabitApp/Pods-HabitApp.release.xcconfig"; sourceTree = "<group>"; };
/* End PBXFileReference section */

/* Begin PBXFrameworksBuildPhase section */
		0708048D20F0516900973005 /* Frameworks */ = {
			isa = PBXFrameworksBuildPhase;
			buildActionMask = 2147483647;
			files = (
				2F75578A7C3541666E80F096 /* Pods_HabitApp.framework in Frameworks */,
			);
			runOnlyForDeploymentPostprocessing = 0;
		};
/* End PBXFrameworksBuildPhase section */

/* Begin PBXGroup section */
		0708048720F0516900973005 = {
			isa = PBXGroup;
			children = (
				0708049220F0516900973005 /* HabitApp */,
				0708049120F0516900973005 /* Products */,
				41DF199E2D984EE98E96A3AF /* Pods */,
				B06ABA5E6471348D7F14D91C /* Frameworks */,
			);
			sourceTree = "<group>";
		};
		0708049120F0516900973005 /* Products */ = {
			isa = PBXGroup;
			children = (
				0708049020F0516900973005 /* HabitApp.app */,
			);
			name = Products;
			sourceTree = "<group>";
		};
		0708049220F0516900973005 /* HabitApp */ = {
			isa = PBXGroup;
			children = (
				0708049320F0516900973005 /* AppDelegate.swift */,
				07B6C744211E765800D37A95 /* Model */,
				07B6C745211E766A00D37A95 /* View */,
				07B6C746211E766F00D37A95 /* Controller */,
				0708049520F0516A00973005 /* HabitsViewController.swift */,
				0708049C20F0516B00973005 /* Assets.xcassets */,
				0708049E20F0516B00973005 /* LaunchScreen.storyboard */,
				070804A120F0516B00973005 /* Info.plist */,
			);
			path = HabitApp;
			sourceTree = "<group>";
		};
		07B6C744211E765800D37A95 /* Model */ = {
			isa = PBXGroup;
			children = (
				07C08FB721266B06001822F1 /* Database.swift */,
				070804A720F053C400973005 /* Habit.swift */,
				070804A920F0644200973005 /* Record.swift */,
			);
			path = Model;
			sourceTree = "<group>";
		};
		07B6C745211E766A00D37A95 /* View */ = {
			isa = PBXGroup;
			children = (
				0708049920F0516A00973005 /* Main.storyboard */,
				07B6C73E211DEC3B00D37A95 /* MonthHeaderView.swift */,
				07B6C73C211DEBB600D37A95 /* MonthHeaderView.xib */,
				070804AB20F06CD100973005 /* CustomCell.swift */,
				07AF3B2D20F9629A001F86B1 /* HabitsTableViewCell.swift */,
				07C08FB92128D20D001822F1 /* ColorButton.swift */,
			);
			path = View;
			sourceTree = "<group>";
		};
		07B6C746211E766F00D37A95 /* Controller */ = {
			isa = PBXGroup;
			children = (
				0708049720F0516A00973005 /* CalendarViewController.swift */,
				07B6C740211E3F9B00D37A95 /* DrawerViewController.swift */,
				070804AD20F1908200973005 /* NewHabitViewController.swift */,
			);
			path = Controller;
			sourceTree = "<group>";
		};
		41DF199E2D984EE98E96A3AF /* Pods */ = {
			isa = PBXGroup;
			children = (
				6321783073A4A01D74CD2191 /* Pods-HabitApp.debug.xcconfig */,
				A45779AF930EDC74EF87DE84 /* Pods-HabitApp.release.xcconfig */,
			);
			name = Pods;
			sourceTree = "<group>";
		};
		B06ABA5E6471348D7F14D91C /* Frameworks */ = {
			isa = PBXGroup;
			children = (
				027F7F076877B4FE9BD17E45 /* Pods_HabitApp.framework */,
			);
			name = Frameworks;
			sourceTree = "<group>";
		};
/* End PBXGroup section */

/* Begin PBXNativeTarget section */
		0708048F20F0516900973005 /* HabitApp */ = {
			isa = PBXNativeTarget;
			buildConfigurationList = 070804A420F0516B00973005 /* Build configuration list for PBXNativeTarget "HabitApp" */;
			buildPhases = (
				F98E09834A09DFD9DC595FAE /* [CP] Check Pods Manifest.lock */,
				0708048C20F0516900973005 /* Sources */,
				0708048D20F0516900973005 /* Frameworks */,
				0708048E20F0516900973005 /* Resources */,
				10D4B4934292AB0E53CBE5F2 /* [CP] Embed Pods Frameworks */,
			);
			buildRules = (
			);
			dependencies = (
			);
			name = HabitApp;
			productName = HabitApp;
			productReference = 0708049020F0516900973005 /* HabitApp.app */;
			productType = "com.apple.product-type.application";
		};
/* End PBXNativeTarget section */

/* Begin PBXProject section */
		0708048820F0516900973005 /* Project object */ = {
			isa = PBXProject;
			attributes = {
				LastSwiftUpdateCheck = 0940;
				LastUpgradeCheck = 0940;
				ORGANIZATIONNAME = "Eric Castillo";
				TargetAttributes = {
					0708048F20F0516900973005 = {
						CreatedOnToolsVersion = 9.4.1;
					};
				};
			};
			buildConfigurationList = 0708048B20F0516900973005 /* Build configuration list for PBXProject "HabitApp" */;
			compatibilityVersion = "Xcode 9.3";
			developmentRegion = en;
			hasScannedForEncodings = 0;
			knownRegions = (
				en,
				Base,
			);
			mainGroup = 0708048720F0516900973005;
			productRefGroup = 0708049120F0516900973005 /* Products */;
			projectDirPath = "";
			projectRoot = "";
			targets = (
				0708048F20F0516900973005 /* HabitApp */,
			);
		};
/* End PBXProject section */

/* Begin PBXResourcesBuildPhase section */
		0708048E20F0516900973005 /* Resources */ = {
			isa = PBXResourcesBuildPhase;
			buildActionMask = 2147483647;
			files = (
				070804A020F0516B00973005 /* LaunchScreen.storyboard in Resources */,
				0708049D20F0516B00973005 /* Assets.xcassets in Resources */,
				07B6C73D211DEBB600D37A95 /* MonthHeaderView.xib in Resources */,
				0708049B20F0516A00973005 /* Main.storyboard in Resources */,
			);
			runOnlyForDeploymentPostprocessing = 0;
		};
/* End PBXResourcesBuildPhase section */

/* Begin PBXShellScriptBuildPhase section */
		10D4B4934292AB0E53CBE5F2 /* [CP] Embed Pods Frameworks */ = {
			isa = PBXShellScriptBuildPhase;
			buildActionMask = 2147483647;
			files = (
			);
			inputPaths = (
				"${SRCROOT}/Pods/Target Support Files/Pods-HabitApp/Pods-HabitApp-frameworks.sh",
				"${BUILT_PRODUCTS_DIR}/ChameleonFramework/ChameleonFramework.framework",
				"${BUILT_PRODUCTS_DIR}/JTAppleCalendar/JTAppleCalendar.framework",
				"${BUILT_PRODUCTS_DIR}/MGSegmentedProgressBar/MGSegmentedProgressBar.framework",
				"${BUILT_PRODUCTS_DIR}/Pulley/Pulley.framework",
				"${BUILT_PRODUCTS_DIR}/Realm/Realm.framework",
				"${BUILT_PRODUCTS_DIR}/RealmSwift/RealmSwift.framework",
			);
			name = "[CP] Embed Pods Frameworks";
			outputPaths = (
				"${TARGET_BUILD_DIR}/${FRAMEWORKS_FOLDER_PATH}/ChameleonFramework.framework",
				"${TARGET_BUILD_DIR}/${FRAMEWORKS_FOLDER_PATH}/JTAppleCalendar.framework",
				"${TARGET_BUILD_DIR}/${FRAMEWORKS_FOLDER_PATH}/MGSegmentedProgressBar.framework",
				"${TARGET_BUILD_DIR}/${FRAMEWORKS_FOLDER_PATH}/Pulley.framework",
				"${TARGET_BUILD_DIR}/${FRAMEWORKS_FOLDER_PATH}/Realm.framework",
				"${TARGET_BUILD_DIR}/${FRAMEWORKS_FOLDER_PATH}/RealmSwift.framework",
			);
			runOnlyForDeploymentPostprocessing = 0;
			shellPath = /bin/sh;
			shellScript = "\"${SRCROOT}/Pods/Target Support Files/Pods-HabitApp/Pods-HabitApp-frameworks.sh\"\n";
			showEnvVarsInLog = 0;
		};
		F98E09834A09DFD9DC595FAE /* [CP] Check Pods Manifest.lock */ = {
			isa = PBXShellScriptBuildPhase;
			buildActionMask = 2147483647;
			files = (
			);
			inputPaths = (
				"${PODS_PODFILE_DIR_PATH}/Podfile.lock",
				"${PODS_ROOT}/Manifest.lock",
			);
			name = "[CP] Check Pods Manifest.lock";
			outputPaths = (
				"$(DERIVED_FILE_DIR)/Pods-HabitApp-checkManifestLockResult.txt",
			);
			runOnlyForDeploymentPostprocessing = 0;
			shellPath = /bin/sh;
			shellScript = "diff \"${PODS_PODFILE_DIR_PATH}/Podfile.lock\" \"${PODS_ROOT}/Manifest.lock\" > /dev/null\nif [ $? != 0 ] ; then\n    # print error to STDERR\n    echo \"error: The sandbox is not in sync with the Podfile.lock. Run 'pod install' or update your CocoaPods installation.\" >&2\n    exit 1\nfi\n# This output is used by Xcode 'outputs' to avoid re-running this script phase.\necho \"SUCCESS\" > \"${SCRIPT_OUTPUT_FILE_0}\"\n";
			showEnvVarsInLog = 0;
		};
/* End PBXShellScriptBuildPhase section */

/* Begin PBXSourcesBuildPhase section */
		0708048C20F0516900973005 /* Sources */ = {
			isa = PBXSourcesBuildPhase;
			buildActionMask = 2147483647;
			files = (
				0708049820F0516A00973005 /* CalendarViewController.swift in Sources */,
				070804AE20F1908200973005 /* NewHabitViewController.swift in Sources */,
				07AF3B2E20F9629A001F86B1 /* HabitsTableViewCell.swift in Sources */,
				0708049420F0516900973005 /* AppDelegate.swift in Sources */,
				07B6C73F211DEC3B00D37A95 /* MonthHeaderView.swift in Sources */,
				07C08FB821266B06001822F1 /* Database.swift in Sources */,
				070804AA20F0644200973005 /* Record.swift in Sources */,
				07C08FBA2128D20D001822F1 /* ColorButton.swift in Sources */,
				070804A820F053C400973005 /* Habit.swift in Sources */,
				07B6C741211E3F9B00D37A95 /* DrawerViewController.swift in Sources */,
				070804AC20F06CD100973005 /* CustomCell.swift in Sources */,
				0708049620F0516A00973005 /* HabitsViewController.swift in Sources */,
			);
			runOnlyForDeploymentPostprocessing = 0;
		};
/* End PBXSourcesBuildPhase section */

/* Begin PBXVariantGroup section */
		0708049920F0516A00973005 /* Main.storyboard */ = {
			isa = PBXVariantGroup;
			children = (
				0708049A20F0516A00973005 /* Base */,
			);
			name = Main.storyboard;
			sourceTree = "<group>";
		};
		0708049E20F0516B00973005 /* LaunchScreen.storyboard */ = {
			isa = PBXVariantGroup;
			children = (
				0708049F20F0516B00973005 /* Base */,
			);
			name = LaunchScreen.storyboard;
			sourceTree = "<group>";
		};
/* End PBXVariantGroup section */

/* Begin XCBuildConfiguration section */
		070804A220F0516B00973005 /* Debug */ = {
			isa = XCBuildConfiguration;
			buildSettings = {
				ALWAYS_SEARCH_USER_PATHS = NO;
				CLANG_ANALYZER_NONNULL = YES;
				CLANG_ANALYZER_NUMBER_OBJECT_CONVERSION = YES_AGGRESSIVE;
				CLANG_CXX_LANGUAGE_STANDARD = "gnu++14";
				CLANG_CXX_LIBRARY = "libc++";
				CLANG_ENABLE_MODULES = YES;
				CLANG_ENABLE_OBJC_ARC = YES;
				CLANG_ENABLE_OBJC_WEAK = YES;
				CLANG_WARN_BLOCK_CAPTURE_AUTORELEASING = YES;
				CLANG_WARN_BOOL_CONVERSION = YES;
				CLANG_WARN_COMMA = YES;
				CLANG_WARN_CONSTANT_CONVERSION = YES;
				CLANG_WARN_DEPRECATED_OBJC_IMPLEMENTATIONS = YES;
				CLANG_WARN_DIRECT_OBJC_ISA_USAGE = YES_ERROR;
				CLANG_WARN_DOCUMENTATION_COMMENTS = YES;
				CLANG_WARN_EMPTY_BODY = YES;
				CLANG_WARN_ENUM_CONVERSION = YES;
				CLANG_WARN_INFINITE_RECURSION = YES;
				CLANG_WARN_INT_CONVERSION = YES;
				CLANG_WARN_NON_LITERAL_NULL_CONVERSION = YES;
				CLANG_WARN_OBJC_IMPLICIT_RETAIN_SELF = YES;
				CLANG_WARN_OBJC_LITERAL_CONVERSION = YES;
				CLANG_WARN_OBJC_ROOT_CLASS = YES_ERROR;
				CLANG_WARN_RANGE_LOOP_ANALYSIS = YES;
				CLANG_WARN_STRICT_PROTOTYPES = YES;
				CLANG_WARN_SUSPICIOUS_MOVE = YES;
				CLANG_WARN_UNGUARDED_AVAILABILITY = YES_AGGRESSIVE;
				CLANG_WARN_UNREACHABLE_CODE = YES;
				CLANG_WARN__DUPLICATE_METHOD_MATCH = YES;
				CODE_SIGN_IDENTITY = "iPhone Developer";
				COPY_PHASE_STRIP = NO;
				DEBUG_INFORMATION_FORMAT = dwarf;
				ENABLE_STRICT_OBJC_MSGSEND = YES;
				ENABLE_TESTABILITY = YES;
				GCC_C_LANGUAGE_STANDARD = gnu11;
				GCC_DYNAMIC_NO_PIC = NO;
				GCC_NO_COMMON_BLOCKS = YES;
				GCC_OPTIMIZATION_LEVEL = 0;
				GCC_PREPROCESSOR_DEFINITIONS = (
					"DEBUG=1",
					"$(inherited)",
				);
				GCC_WARN_64_TO_32_BIT_CONVERSION = YES;
				GCC_WARN_ABOUT_RETURN_TYPE = YES_ERROR;
				GCC_WARN_UNDECLARED_SELECTOR = YES;
				GCC_WARN_UNINITIALIZED_AUTOS = YES_AGGRESSIVE;
				GCC_WARN_UNUSED_FUNCTION = YES;
				GCC_WARN_UNUSED_VARIABLE = YES;
				IPHONEOS_DEPLOYMENT_TARGET = 11.4;
				MTL_ENABLE_DEBUG_INFO = YES;
				ONLY_ACTIVE_ARCH = YES;
				SDKROOT = iphoneos;
				SWIFT_ACTIVE_COMPILATION_CONDITIONS = DEBUG;
				SWIFT_OPTIMIZATION_LEVEL = "-Onone";
			};
			name = Debug;
		};
		070804A320F0516B00973005 /* Release */ = {
			isa = XCBuildConfiguration;
			buildSettings = {
				ALWAYS_SEARCH_USER_PATHS = NO;
				CLANG_ANALYZER_NONNULL = YES;
				CLANG_ANALYZER_NUMBER_OBJECT_CONVERSION = YES_AGGRESSIVE;
				CLANG_CXX_LANGUAGE_STANDARD = "gnu++14";
				CLANG_CXX_LIBRARY = "libc++";
				CLANG_ENABLE_MODULES = YES;
				CLANG_ENABLE_OBJC_ARC = YES;
				CLANG_ENABLE_OBJC_WEAK = YES;
				CLANG_WARN_BLOCK_CAPTURE_AUTORELEASING = YES;
				CLANG_WARN_BOOL_CONVERSION = YES;
				CLANG_WARN_COMMA = YES;
				CLANG_WARN_CONSTANT_CONVERSION = YES;
				CLANG_WARN_DEPRECATED_OBJC_IMPLEMENTATIONS = YES;
				CLANG_WARN_DIRECT_OBJC_ISA_USAGE = YES_ERROR;
				CLANG_WARN_DOCUMENTATION_COMMENTS = YES;
				CLANG_WARN_EMPTY_BODY = YES;
				CLANG_WARN_ENUM_CONVERSION = YES;
				CLANG_WARN_INFINITE_RECURSION = YES;
				CLANG_WARN_INT_CONVERSION = YES;
				CLANG_WARN_NON_LITERAL_NULL_CONVERSION = YES;
				CLANG_WARN_OBJC_IMPLICIT_RETAIN_SELF = YES;
				CLANG_WARN_OBJC_LITERAL_CONVERSION = YES;
				CLANG_WARN_OBJC_ROOT_CLASS = YES_ERROR;
				CLANG_WARN_RANGE_LOOP_ANALYSIS = YES;
				CLANG_WARN_STRICT_PROTOTYPES = YES;
				CLANG_WARN_SUSPICIOUS_MOVE = YES;
				CLANG_WARN_UNGUARDED_AVAILABILITY = YES_AGGRESSIVE;
				CLANG_WARN_UNREACHABLE_CODE = YES;
				CLANG_WARN__DUPLICATE_METHOD_MATCH = YES;
				CODE_SIGN_IDENTITY = "iPhone Developer";
				COPY_PHASE_STRIP = NO;
				DEBUG_INFORMATION_FORMAT = "dwarf-with-dsym";
				ENABLE_NS_ASSERTIONS = NO;
				ENABLE_STRICT_OBJC_MSGSEND = YES;
				GCC_C_LANGUAGE_STANDARD = gnu11;
				GCC_NO_COMMON_BLOCKS = YES;
				GCC_WARN_64_TO_32_BIT_CONVERSION = YES;
				GCC_WARN_ABOUT_RETURN_TYPE = YES_ERROR;
				GCC_WARN_UNDECLARED_SELECTOR = YES;
				GCC_WARN_UNINITIALIZED_AUTOS = YES_AGGRESSIVE;
				GCC_WARN_UNUSED_FUNCTION = YES;
				GCC_WARN_UNUSED_VARIABLE = YES;
				IPHONEOS_DEPLOYMENT_TARGET = 11.4;
				MTL_ENABLE_DEBUG_INFO = NO;
				SDKROOT = iphoneos;
				SWIFT_COMPILATION_MODE = wholemodule;
				SWIFT_OPTIMIZATION_LEVEL = "-O";
				VALIDATE_PRODUCT = YES;
			};
			name = Release;
		};
		070804A520F0516B00973005 /* Debug */ = {
			isa = XCBuildConfiguration;
			baseConfigurationReference = 6321783073A4A01D74CD2191 /* Pods-HabitApp.debug.xcconfig */;
			buildSettings = {
				ASSETCATALOG_COMPILER_APPICON_NAME = AppIcon;
				CODE_SIGN_STYLE = Automatic;
				DEVELOPMENT_TEAM = YRPW3NL9P9;
				INFOPLIST_FILE = HabitApp/Info.plist;
				IPHONEOS_DEPLOYMENT_TARGET = 11.3;
				LD_RUNPATH_SEARCH_PATHS = (
					"$(inherited)",
					"@executable_path/Frameworks",
				);
				PRODUCT_BUNDLE_IDENTIFIER = com.ericcastillo.HabitApp;
				PRODUCT_NAME = "$(TARGET_NAME)";
				SWIFT_VERSION = 4.0;
				TARGETED_DEVICE_FAMILY = "1,2";
			};
			name = Debug;
		};
		070804A620F0516B00973005 /* Release */ = {
			isa = XCBuildConfiguration;
			baseConfigurationReference = A45779AF930EDC74EF87DE84 /* Pods-HabitApp.release.xcconfig */;
			buildSettings = {
				ASSETCATALOG_COMPILER_APPICON_NAME = AppIcon;
				CODE_SIGN_STYLE = Automatic;
				DEVELOPMENT_TEAM = YRPW3NL9P9;
				INFOPLIST_FILE = HabitApp/Info.plist;
				IPHONEOS_DEPLOYMENT_TARGET = 11.3;
				LD_RUNPATH_SEARCH_PATHS = (
					"$(inherited)",
					"@executable_path/Frameworks",
				);
				PRODUCT_BUNDLE_IDENTIFIER = com.ericcastillo.HabitApp;
				PRODUCT_NAME = "$(TARGET_NAME)";
				SWIFT_VERSION = 4.0;
				TARGETED_DEVICE_FAMILY = "1,2";
			};
			name = Release;
		};
/* End XCBuildConfiguration section */

/* Begin XCConfigurationList section */
		0708048B20F0516900973005 /* Build configuration list for PBXProject "HabitApp" */ = {
			isa = XCConfigurationList;
			buildConfigurations = (
				070804A220F0516B00973005 /* Debug */,
				070804A320F0516B00973005 /* Release */,
			);
			defaultConfigurationIsVisible = 0;
			defaultConfigurationName = Release;
		};
		070804A420F0516B00973005 /* Build configuration list for PBXNativeTarget "HabitApp" */ = {
			isa = XCConfigurationList;
			buildConfigurations = (
				070804A520F0516B00973005 /* Debug */,
				070804A620F0516B00973005 /* Release */,
			);
			defaultConfigurationIsVisible = 0;
			defaultConfigurationName = Release;
		};
/* End XCConfigurationList section */
	};
	rootObject = 0708048820F0516900973005 /* Project object */;
}
